
Microsoft Visual Studio Solution File, Format Version 12.00
# Visual Studio Version 17
VisualStudioVersion = 17.6.33815.320
MinimumVisualStudioVersion = 10.0.40219.1
Project("{FAE04EC0-301F-11D3-BF4B-00C04F79EFBC}") = "Cine", "Cine.csproj", "{D018636E-6A41-472E-B52C-A1802922BE80}"
EndProject
Global
	GlobalSection(SolutionConfigurationPlatforms) = preSolution
		Debug|Any CPU = Debug|Any CPU
		Release|Any CPU = Release|Any CPU
	EndGlobalSection
	GlobalSection(ProjectConfigurationPlatforms) = postSolution
		{D018636E-6A41-472E-B52C-A1802922BE80}.Debug|Any CPU.ActiveCfg = Debug|Any CPU
		{D018636E-6A41-472E-B52C-A1802922BE80}.Debug|Any CPU.Build.0 = Debug|Any CPU
		{D018636E-6A41-472E-B52C-A1802922BE80}.Release|Any CPU.ActiveCfg = Release|Any CPU
		{D018636E-6A41-472E-B52C-A1802922BE80}.Release|Any CPU.Build.0 = Release|Any CPU
	EndGlobalSection
	GlobalSection(SolutionProperties) = preSolution
		HideSolutionNode = FALSE
	EndGlobalSection
	GlobalSection(ExtensibilityGlobals) = postSolution
		SolutionGuid = {DBE21B78-DEA4-43C5-9981-1F1C3AF651BA}
	EndGlobalSection
EndGlobal
